// !$*UTF8*$!
{
	archiveVersion = 1;
	classes = {
	};
	objectVersion = 52;
	objects = {

/* Begin PBXBuildFile section */
		28D5C70869A5FC69D719782B /* Core.framework in Frameworks */ = {isa = PBXBuildFile; fileRef = D411801ADC7665788291F0EE /* Core.framework */; platformFilter = ios; };
		5643F5BBFED6BC86062238AF /* UI.framework in Frameworks */ = {isa = PBXBuildFile; fileRef = 53951BE9FD4C49B9E83947B1 /* UI.framework */; platformFilter = ios; };
		57D92E5A8342A45B6E062329 /* TagItem.swift in Sources */ = {isa = PBXBuildFile; fileRef = FFDA68E50BD2B1FBF5F0F426 /* TagItem.swift */; };
		6C973FF1687CFCAF7302151B /* HomeCore.swift in Sources */ = {isa = PBXBuildFile; fileRef = DF004F74EFD142FA5D85BBC5 /* HomeCore.swift */; };
		77FFB1B093C425E7EDFCF7DE /* NoteClient.swift in Sources */ = {isa = PBXBuildFile; fileRef = 3DAFF163236146F7966A9437 /* NoteClient.swift */; };
		8B3682447A49759FC22653FB /* HomeView.swift in Sources */ = {isa = PBXBuildFile; fileRef = 90F5CFBE1661692DB9B50D60 /* HomeView.swift */; };
		8F8ACA350F7ED282F2745DDB /* NoteItem.swift in Sources */ = {isa = PBXBuildFile; fileRef = ACC40C5BBB961E90F7D62E58 /* NoteItem.swift */; };
		9CD094DB376FD0BF70D4860E /* TagListItemView.swift in Sources */ = {isa = PBXBuildFile; fileRef = 3819A2D45CF02E3192DEDE4E /* TagListItemView.swift */; };
		CE34ADD77D143886F70396E3 /* TagClient.swift in Sources */ = {isa = PBXBuildFile; fileRef = 90C1E8C51C2FC438BC474940 /* TagClient.swift */; };
		E4221632A9A967D48B62191D /* NoteListItemView.swift in Sources */ = {isa = PBXBuildFile; fileRef = E0402512803C689B200EC945 /* NoteListItemView.swift */; };
/* End PBXBuildFile section */

/* Begin PBXCopyFilesBuildPhase section */
		C1D24070EDC9EA56416BE3BD /* Embed Frameworks */ = {
			isa = PBXCopyFilesBuildPhase;
			buildActionMask = 2147483647;
			dstPath = "";
			dstSubfolderSpec = 10;
			files = (
			);
			name = "Embed Frameworks";
			runOnlyForDeploymentPostprocessing = 0;
		};
/* End PBXCopyFilesBuildPhase section */

/* Begin PBXFileReference section */
		3819A2D45CF02E3192DEDE4E /* TagListItemView.swift */ = {isa = PBXFileReference; lastKnownFileType = sourcecode.swift; path = TagListItemView.swift; sourceTree = "<group>"; };
		3DAFF163236146F7966A9437 /* NoteClient.swift */ = {isa = PBXFileReference; lastKnownFileType = sourcecode.swift; path = NoteClient.swift; sourceTree = "<group>"; };
		53951BE9FD4C49B9E83947B1 /* UI.framework */ = {isa = PBXFileReference; explicitFileType = wrapper.framework; includeInIndex = 0; path = UI.framework; sourceTree = BUILT_PRODUCTS_DIR; };
		90C1E8C51C2FC438BC474940 /* TagClient.swift */ = {isa = PBXFileReference; lastKnownFileType = sourcecode.swift; path = TagClient.swift; sourceTree = "<group>"; };
		90F5CFBE1661692DB9B50D60 /* HomeView.swift */ = {isa = PBXFileReference; lastKnownFileType = sourcecode.swift; path = HomeView.swift; sourceTree = "<group>"; };
		ACC40C5BBB961E90F7D62E58 /* NoteItem.swift */ = {isa = PBXFileReference; lastKnownFileType = sourcecode.swift; path = NoteItem.swift; sourceTree = "<group>"; };
		BC46C0A2C41DCE77635518CB /* FeatureHome.framework */ = {isa = PBXFileReference; explicitFileType = wrapper.framework; includeInIndex = 0; path = FeatureHome.framework; sourceTree = BUILT_PRODUCTS_DIR; };
		D411801ADC7665788291F0EE /* Core.framework */ = {isa = PBXFileReference; explicitFileType = wrapper.framework; includeInIndex = 0; path = Core.framework; sourceTree = BUILT_PRODUCTS_DIR; };
		D89C25E40D07F3295B5BDBB5 /* FeatureHome-Info.plist */ = {isa = PBXFileReference; lastKnownFileType = text.plist; path = "FeatureHome-Info.plist"; sourceTree = "<group>"; };
		DF004F74EFD142FA5D85BBC5 /* HomeCore.swift */ = {isa = PBXFileReference; lastKnownFileType = sourcecode.swift; path = HomeCore.swift; sourceTree = "<group>"; };
		E0402512803C689B200EC945 /* NoteListItemView.swift */ = {isa = PBXFileReference; lastKnownFileType = sourcecode.swift; path = NoteListItemView.swift; sourceTree = "<group>"; };
		FFDA68E50BD2B1FBF5F0F426 /* TagItem.swift */ = {isa = PBXFileReference; lastKnownFileType = sourcecode.swift; path = TagItem.swift; sourceTree = "<group>"; };
/* End PBXFileReference section */

/* Begin PBXFrameworksBuildPhase section */
		8B8A7C7862A3F16980171FAE /* Frameworks */ = {
			isa = PBXFrameworksBuildPhase;
			buildActionMask = 2147483647;
			files = (
				28D5C70869A5FC69D719782B /* Core.framework in Frameworks */,
				5643F5BBFED6BC86062238AF /* UI.framework in Frameworks */,
			);
			runOnlyForDeploymentPostprocessing = 0;
		};
/* End PBXFrameworksBuildPhase section */

/* Begin PBXGroup section */
		16596DE2E620CFA3C18C233C /* FeatureHome */ = {
			isa = PBXGroup;
			children = (
				DB7E707CF168972DC6E18DD0 /* Client */,
				6AB3E8D1DAB62C77AF300565 /* Model */,
				920CABD7FEE14AF8C11775BD /* View */,
				DF004F74EFD142FA5D85BBC5 /* HomeCore.swift */,
				90F5CFBE1661692DB9B50D60 /* HomeView.swift */,
			);
			path = FeatureHome;
			sourceTree = "<group>";
		};
		39ABAC9FFC83D859F233AA25 /* Frameworks */ = {
			isa = PBXGroup;
			children = (
			);
			name = Frameworks;
			sourceTree = "<group>";
		};
		3D193971EF2FB51A3D7A333E /* Project */ = {
			isa = PBXGroup;
			children = (
				A54554912284630DC48BDBA2 /* Derived */,
				5F4794DA6E5DF2A4B7579129 /* Targets */,
			);
			name = Project;
			sourceTree = "<group>";
		};
		5F4794DA6E5DF2A4B7579129 /* Targets */ = {
			isa = PBXGroup;
			children = (
				16596DE2E620CFA3C18C233C /* FeatureHome */,
			);
			path = Targets;
			sourceTree = "<group>";
		};
		63A987D097D84DCC8D3347A8 = {
			isa = PBXGroup;
			children = (
				3D193971EF2FB51A3D7A333E /* Project */,
				39ABAC9FFC83D859F233AA25 /* Frameworks */,
				DB564D0D4A881E2DDCC25041 /* Products */,
			);
			sourceTree = "<group>";
		};
		6AB3E8D1DAB62C77AF300565 /* Model */ = {
			isa = PBXGroup;
			children = (
				ACC40C5BBB961E90F7D62E58 /* NoteItem.swift */,
				FFDA68E50BD2B1FBF5F0F426 /* TagItem.swift */,
			);
			path = Model;
			sourceTree = "<group>";
		};
		73BB0DB031EA0AAA623BB474 /* InfoPlists */ = {
			isa = PBXGroup;
			children = (
				D89C25E40D07F3295B5BDBB5 /* FeatureHome-Info.plist */,
			);
			path = InfoPlists;
			sourceTree = "<group>";
		};
		920CABD7FEE14AF8C11775BD /* View */ = {
			isa = PBXGroup;
			children = (
				E0402512803C689B200EC945 /* NoteListItemView.swift */,
				3819A2D45CF02E3192DEDE4E /* TagListItemView.swift */,
			);
			path = View;
			sourceTree = "<group>";
		};
		A54554912284630DC48BDBA2 /* Derived */ = {
			isa = PBXGroup;
			children = (
				73BB0DB031EA0AAA623BB474 /* InfoPlists */,
			);
			path = Derived;
			sourceTree = "<group>";
		};
		DB564D0D4A881E2DDCC25041 /* Products */ = {
			isa = PBXGroup;
			children = (
				D411801ADC7665788291F0EE /* Core.framework */,
				BC46C0A2C41DCE77635518CB /* FeatureHome.framework */,
				53951BE9FD4C49B9E83947B1 /* UI.framework */,
			);
			name = Products;
			sourceTree = "<group>";
		};
		DB7E707CF168972DC6E18DD0 /* Client */ = {
			isa = PBXGroup;
			children = (
				3DAFF163236146F7966A9437 /* NoteClient.swift */,
				90C1E8C51C2FC438BC474940 /* TagClient.swift */,
			);
			path = Client;
			sourceTree = "<group>";
		};
/* End PBXGroup section */

/* Begin PBXNativeTarget section */
		3CFBBAD99DF6AE1BE0C807D8 /* FeatureHome */ = {
			isa = PBXNativeTarget;
			buildConfigurationList = 6A97BBC60021D9D4BEC413EE /* Build configuration list for PBXNativeTarget "FeatureHome" */;
			buildPhases = (
				2F64664D794E290B3274EF6C /* Sources */,
				9D011F63710AF7AE4E5D22CA /* Resources */,
				C1D24070EDC9EA56416BE3BD /* Embed Frameworks */,
				8B8A7C7862A3F16980171FAE /* Frameworks */,
			);
			buildRules = (
			);
			dependencies = (
			);
			name = FeatureHome;
			productName = FeatureHome;
			productReference = BC46C0A2C41DCE77635518CB /* FeatureHome.framework */;
			productType = "com.apple.product-type.framework";
		};
/* End PBXNativeTarget section */

/* Begin PBXProject section */
		AC3F85138D8A41194882FF37 /* Project object */ = {
			isa = PBXProject;
			attributes = {
				ORGANIZATIONNAME = Copynote;
				TargetAttributes = {
				};
			};
			buildConfigurationList = F236C69B31ABF3EF56BAEB1B /* Build configuration list for PBXProject "FeatureHome" */;
			compatibilityVersion = "Xcode 13.0";
			developmentRegion = en;
			hasScannedForEncodings = 0;
			knownRegions = (
				Base,
				en,
			);
			mainGroup = 63A987D097D84DCC8D3347A8;
			productRefGroup = DB564D0D4A881E2DDCC25041 /* Products */;
			projectDirPath = "";
			projectRoot = "";
			targets = (
				3CFBBAD99DF6AE1BE0C807D8 /* FeatureHome */,
			);
		};
/* End PBXProject section */

/* Begin PBXResourcesBuildPhase section */
		9D011F63710AF7AE4E5D22CA /* Resources */ = {
			isa = PBXResourcesBuildPhase;
			buildActionMask = 2147483647;
			files = (
			);
			runOnlyForDeploymentPostprocessing = 0;
		};
/* End PBXResourcesBuildPhase section */

/* Begin PBXSourcesBuildPhase section */
		2F64664D794E290B3274EF6C /* Sources */ = {
			isa = PBXSourcesBuildPhase;
			buildActionMask = 2147483647;
			files = (
				77FFB1B093C425E7EDFCF7DE /* NoteClient.swift in Sources */,
				CE34ADD77D143886F70396E3 /* TagClient.swift in Sources */,
				6C973FF1687CFCAF7302151B /* HomeCore.swift in Sources */,
				8B3682447A49759FC22653FB /* HomeView.swift in Sources */,
				8F8ACA350F7ED282F2745DDB /* NoteItem.swift in Sources */,
				57D92E5A8342A45B6E062329 /* TagItem.swift in Sources */,
				E4221632A9A967D48B62191D /* NoteListItemView.swift in Sources */,
				9CD094DB376FD0BF70D4860E /* TagListItemView.swift in Sources */,
			);
			runOnlyForDeploymentPostprocessing = 0;
		};
/* End PBXSourcesBuildPhase section */

/* Begin XCBuildConfiguration section */
		2AFD40C330A435E938A8BF68 /* Debug */ = {
			isa = XCBuildConfiguration;
			buildSettings = {
				ALWAYS_SEARCH_USER_PATHS = NO;
				CLANG_ANALYZER_LOCALIZABILITY_NONLOCALIZED = YES;
				CLANG_ANALYZER_NONNULL = YES;
				CLANG_ANALYZER_NUMBER_OBJECT_CONVERSION = YES_AGGRESSIVE;
				CLANG_CXX_LANGUAGE_STANDARD = "gnu++14";
				CLANG_CXX_LIBRARY = "libc++";
				CLANG_ENABLE_MODULES = YES;
				CLANG_ENABLE_OBJC_ARC = YES;
				CLANG_ENABLE_OBJC_WEAK = YES;
				CLANG_WARN_BLOCK_CAPTURE_AUTORELEASING = YES;
				CLANG_WARN_BOOL_CONVERSION = YES;
				CLANG_WARN_COMMA = YES;
				CLANG_WARN_CONSTANT_CONVERSION = YES;
				CLANG_WARN_DEPRECATED_OBJC_IMPLEMENTATIONS = YES;
				CLANG_WARN_DIRECT_OBJC_ISA_USAGE = YES_ERROR;
				CLANG_WARN_DOCUMENTATION_COMMENTS = YES;
				CLANG_WARN_EMPTY_BODY = YES;
				CLANG_WARN_ENUM_CONVERSION = YES;
				CLANG_WARN_INFINITE_RECURSION = YES;
				CLANG_WARN_INT_CONVERSION = YES;
				CLANG_WARN_NON_LITERAL_NULL_CONVERSION = YES;
				CLANG_WARN_OBJC_IMPLICIT_RETAIN_SELF = YES;
				CLANG_WARN_OBJC_LITERAL_CONVERSION = YES;
				CLANG_WARN_OBJC_ROOT_CLASS = YES_ERROR;
				CLANG_WARN_QUOTED_INCLUDE_IN_FRAMEWORK_HEADER = YES;
				CLANG_WARN_RANGE_LOOP_ANALYSIS = YES;
				CLANG_WARN_STRICT_PROTOTYPES = YES;
				CLANG_WARN_SUSPICIOUS_MOVE = YES;
				CLANG_WARN_UNGUARDED_AVAILABILITY = YES_AGGRESSIVE;
				CLANG_WARN_UNREACHABLE_CODE = YES;
				CLANG_WARN__DUPLICATE_METHOD_MATCH = YES;
				COPY_PHASE_STRIP = NO;
				DEAD_CODE_STRIPPING = YES;
				DEBUG_INFORMATION_FORMAT = dwarf;
				ENABLE_STRICT_OBJC_MSGSEND = YES;
				ENABLE_TESTABILITY = YES;
				GCC_C_LANGUAGE_STANDARD = gnu11;
				GCC_DYNAMIC_NO_PIC = NO;
				GCC_NO_COMMON_BLOCKS = YES;
				GCC_OPTIMIZATION_LEVEL = 0;
				GCC_PREPROCESSOR_DEFINITIONS = (
					"DEBUG=1",
					"$(inherited)",
				);
				GCC_WARN_64_TO_32_BIT_CONVERSION = YES;
				GCC_WARN_ABOUT_RETURN_TYPE = YES_ERROR;
				GCC_WARN_UNDECLARED_SELECTOR = YES;
				GCC_WARN_UNINITIALIZED_AUTOS = YES_AGGRESSIVE;
				GCC_WARN_UNUSED_FUNCTION = YES;
				GCC_WARN_UNUSED_VARIABLE = YES;
				MTL_ENABLE_DEBUG_INFO = YES;
				ONLY_ACTIVE_ARCH = YES;
				PRODUCT_NAME = "$(TARGET_NAME)";
			};
			name = Debug;
		};
		65C0FA742BF68FDFEB6853B1 /* Release */ = {
			isa = XCBuildConfiguration;
			buildSettings = {
				ALWAYS_SEARCH_USER_PATHS = NO;
				CLANG_ANALYZER_LOCALIZABILITY_NONLOCALIZED = YES;
				CLANG_ANALYZER_NONNULL = YES;
				CLANG_ANALYZER_NUMBER_OBJECT_CONVERSION = YES_AGGRESSIVE;
				CLANG_CXX_LANGUAGE_STANDARD = "gnu++14";
				CLANG_CXX_LIBRARY = "libc++";
				CLANG_ENABLE_MODULES = YES;
				CLANG_ENABLE_OBJC_ARC = YES;
				CLANG_ENABLE_OBJC_WEAK = YES;
				CLANG_WARN_BLOCK_CAPTURE_AUTORELEASING = YES;
				CLANG_WARN_BOOL_CONVERSION = YES;
				CLANG_WARN_COMMA = YES;
				CLANG_WARN_CONSTANT_CONVERSION = YES;
				CLANG_WARN_DEPRECATED_OBJC_IMPLEMENTATIONS = YES;
				CLANG_WARN_DIRECT_OBJC_ISA_USAGE = YES_ERROR;
				CLANG_WARN_DOCUMENTATION_COMMENTS = YES;
				CLANG_WARN_EMPTY_BODY = YES;
				CLANG_WARN_ENUM_CONVERSION = YES;
				CLANG_WARN_INFINITE_RECURSION = YES;
				CLANG_WARN_INT_CONVERSION = YES;
				CLANG_WARN_NON_LITERAL_NULL_CONVERSION = YES;
				CLANG_WARN_OBJC_IMPLICIT_RETAIN_SELF = YES;
				CLANG_WARN_OBJC_LITERAL_CONVERSION = YES;
				CLANG_WARN_OBJC_ROOT_CLASS = YES_ERROR;
				CLANG_WARN_QUOTED_INCLUDE_IN_FRAMEWORK_HEADER = YES;
				CLANG_WARN_RANGE_LOOP_ANALYSIS = YES;
				CLANG_WARN_STRICT_PROTOTYPES = YES;
				CLANG_WARN_SUSPICIOUS_MOVE = YES;
				CLANG_WARN_UNGUARDED_AVAILABILITY = YES_AGGRESSIVE;
				CLANG_WARN_UNREACHABLE_CODE = YES;
				CLANG_WARN__DUPLICATE_METHOD_MATCH = YES;
				COPY_PHASE_STRIP = NO;
				DEAD_CODE_STRIPPING = YES;
				DEBUG_INFORMATION_FORMAT = "dwarf-with-dsym";
				ENABLE_NS_ASSERTIONS = NO;
				ENABLE_STRICT_OBJC_MSGSEND = YES;
				GCC_C_LANGUAGE_STANDARD = gnu11;
				GCC_NO_COMMON_BLOCKS = YES;
				GCC_WARN_64_TO_32_BIT_CONVERSION = YES;
				GCC_WARN_ABOUT_RETURN_TYPE = YES_ERROR;
				GCC_WARN_UNDECLARED_SELECTOR = YES;
				GCC_WARN_UNINITIALIZED_AUTOS = YES_AGGRESSIVE;
				GCC_WARN_UNUSED_FUNCTION = YES;
				GCC_WARN_UNUSED_VARIABLE = YES;
				MTL_ENABLE_DEBUG_INFO = NO;
				PRODUCT_NAME = "$(TARGET_NAME)";
				VALIDATE_PRODUCT = YES;
			};
			name = Release;
		};
		AA9E8A2F4FF350DBCD061348 /* Release */ = {
			isa = XCBuildConfiguration;
			buildSettings = {
				CODE_SIGN_IDENTITY = "";
				CURRENT_PROJECT_VERSION = 1;
				DEFINES_MODULE = YES;
				DYLIB_COMPATIBILITY_VERSION = 1;
				DYLIB_CURRENT_VERSION = 1;
				DYLIB_INSTALL_NAME_BASE = "@rpath";
				INFOPLIST_FILE = "Derived/InfoPlists/FeatureHome-Info.plist";
				INSTALL_PATH = "$(LOCAL_LIBRARY_DIR)/Frameworks";
				IPHONEOS_DEPLOYMENT_TARGET = 16.0;
				LD_RUNPATH_SEARCH_PATHS = (
					"$(inherited)",
					"@executable_path/Frameworks",
					"@loader_path/Frameworks",
				);
				PRODUCT_BUNDLE_IDENTIFIER = com.annapo.Copynote.FeatureHome;
				PRODUCT_NAME = FeatureHome;
				SDKROOT = iphoneos;
				SKIP_INSTALL = YES;
				SUPPORTS_MACCATALYST = NO;
				SWIFT_COMPILATION_MODE = wholemodule;
				SWIFT_OPTIMIZATION_LEVEL = "-Owholemodule";
				SWIFT_VERSION = 5.0;
				TARGETED_DEVICE_FAMILY = 1;
				VERSIONING_SYSTEM = "apple-generic";
				VERSION_INFO_PREFIX = "";
			};
			name = Release;
		};
		C1DE04F69BE97F7D114E104B /* Debug */ = {
			isa = XCBuildConfiguration;
			buildSettings = {
				CODE_SIGN_IDENTITY = "";
				CURRENT_PROJECT_VERSION = 1;
				DEFINES_MODULE = YES;
				DYLIB_COMPATIBILITY_VERSION = 1;
				DYLIB_CURRENT_VERSION = 1;
				DYLIB_INSTALL_NAME_BASE = "@rpath";
				INFOPLIST_FILE = "Derived/InfoPlists/FeatureHome-Info.plist";
				INSTALL_PATH = "$(LOCAL_LIBRARY_DIR)/Frameworks";
				IPHONEOS_DEPLOYMENT_TARGET = 16.0;
				LD_RUNPATH_SEARCH_PATHS = (
					"$(inherited)",
					"@executable_path/Frameworks",
					"@loader_path/Frameworks",
				);
				PRODUCT_BUNDLE_IDENTIFIER = com.annapo.Copynote.FeatureHome;
				PRODUCT_NAME = FeatureHome;
				SDKROOT = iphoneos;
				SKIP_INSTALL = YES;
				SUPPORTS_MACCATALYST = NO;
				SWIFT_ACTIVE_COMPILATION_CONDITIONS = DEBUG;
				SWIFT_COMPILATION_MODE = singlefile;
				SWIFT_OPTIMIZATION_LEVEL = "-Onone";
				SWIFT_VERSION = 5.0;
				TARGETED_DEVICE_FAMILY = 1;
				VERSIONING_SYSTEM = "apple-generic";
				VERSION_INFO_PREFIX = "";
			};
			name = Debug;
		};
/* End XCBuildConfiguration section */

/* Begin XCConfigurationList section */
		6A97BBC60021D9D4BEC413EE /* Build configuration list for PBXNativeTarget "FeatureHome" */ = {
			isa = XCConfigurationList;
			buildConfigurations = (
				C1DE04F69BE97F7D114E104B /* Debug */,
				AA9E8A2F4FF350DBCD061348 /* Release */,
			);
			defaultConfigurationIsVisible = 0;
			defaultConfigurationName = Release;
		};
		F236C69B31ABF3EF56BAEB1B /* Build configuration list for PBXProject "FeatureHome" */ = {
			isa = XCConfigurationList;
			buildConfigurations = (
				2AFD40C330A435E938A8BF68 /* Debug */,
				65C0FA742BF68FDFEB6853B1 /* Release */,
			);
			defaultConfigurationIsVisible = 0;
			defaultConfigurationName = Release;
		};
/* End XCConfigurationList section */
	};
	rootObject = AC3F85138D8A41194882FF37 /* Project object */;
}
